
Microsoft Visual Studio Solution File, Format Version 12.00
# Visual Studio 2012
# SharpDevelop 5.1
VisualStudioVersion = 12.0.20827.3
MinimumVisualStudioVersion = 10.0.40219.1
Project("{2150E333-8FDC-42A3-9474-1A3956D46DE8}") = "cor3", "cor3", "{FA2E76ED-477D-4F45-A1AE-49FA9251AE7F}"
EndProject
Project("{FAE04EC0-301F-11D3-BF4B-00C04F79EFBC}") = "System.Cor3.Data-Net40", "..\Source\Cor3.Data\System.Cor3.Data-Net40.csproj", "{BBAA461E-C30E-460B-BA30-0F6A8FDF7B78}"
EndProject
Project("{FAE04EC0-301F-11D3-BF4B-00C04F79EFBC}") = "System.Cor3.Parsers-Net40", "..\Source\Cor3.Parsers\System.Cor3.Parsers-Net40.csproj", "{AAF48B33-3DF6-4D51-8366-0F768D67AE44}"
EndProject
Project("{FAE04EC0-301F-11D3-BF4B-00C04F79EFBC}") = "System.Cor3.Stock", "..\Source\Cor3.Stock\System.Cor3.Stock.csproj", "{11CCEC81-7B26-442D-A937-79B33DD89E8B}"
EndProject
Project("{FAE04EC0-301F-11D3-BF4B-00C04F79EFBC}") = "System.Cor3-Net40", "..\Source\Cor3.Core\System.Cor3-Net40.csproj", "{36A13D56-FD3A-4AF3-B608-9C84FAACC41F}"
EndProject
Project("{FAE04EC0-301F-11D3-BF4B-00C04F79EFBC}") = "System.Cor3.Mvc3-Net40", "..\source\cor3.ext\System.Cor3.Mvc3-Net40.csproj", "{EAF5372F-5EC7-4C8C-940A-CC9B9E789C48}"
EndProject
Project("{FAE04EC0-301F-11D3-BF4B-00C04F79EFBC}") = "System.Cor3.Forms-Net40", "..\source\cor3.forms\System.Cor3.Forms-Net40.csproj", "{85AB9D2D-26E2-4536-B01C-8BA24E1F4615}"
EndProject
Project("{2150E333-8FDC-42A3-9474-1A3956D46DE8}") = "refs", "refs", "{36F62B00-0EAD-4FEF-978C-48554F8BB703}"
EndProject
Project("{FAE04EC0-301F-11D3-BF4B-00C04F79EFBC}") = "Fluent dotNET 4.5", "..\..\..\CS_Mercurial\fluent\Fluent\Fluent\Fluent dotNET 4.5.csproj", "{4C92FCF4-3561-499F-BC5B-F2F089863047}"
EndProject
Project("{2150E333-8FDC-42A3-9474-1A3956D46DE8}") = "AvalonDock-v2.0", "AvalonDock-v2.0", "{A4325A5E-6F16-40AA-B588-C634CC03F2AC}"
EndProject
Project("{FAE04EC0-301F-11D3-BF4B-00C04F79EFBC}") = "AvalonDock", "..\..\..\CS_SVN.External\Codeplex\AvalonDock\Version2.0\AvalonDock\AvalonDock\AvalonDock.csproj", "{DB81988F-E0F2-45A0-A1FD-8C37F3D35244}"
EndProject
Project("{2150E333-8FDC-42A3-9474-1A3956D46DE8}") = "AvalonDock-v1.3", "AvalonDock-v1.3", "{B420F5D0-9199-4F28-A469-705B75AC324C}"
EndProject
Project("{FAE04EC0-301F-11D3-BF4B-00C04F79EFBC}") = "AvalonDock", "..\..\..\CS_SVN.External\Codeplex\AvalonDock\Version1.3\AvalonDock\AvalonDock.csproj", "{87E61430-4243-45F2-B74E-0A4C096CEBF3}"
EndProject
Project("{FAE04EC0-301F-11D3-BF4B-00C04F79EFBC}") = "AvalonDock.Themes (SharpDevelopThemes)", "..\..\..\CS_SVN.External\Codeplex\AvalonDock\Version1.3\AvalonDock.Themes\AvalonDock.Themes (SharpDevelopThemes).csproj", "{3836F4A8-4B35-4F5E-BB0F-DAD374297525}"
EndProject
Project("{FAE04EC0-301F-11D3-BF4B-00C04F79EFBC}") = "Generator.Lib", "..\source\GenaratorLib\Generator.Lib.csproj", "{FF8C58DF-784E-4818-A92C-150B8BD6B85E}"
EndProject
Project("{FAE04EC0-301F-11D3-BF4B-00C04F79EFBC}") = "GeneratorTool", "..\source\GeneratorTool\GeneratorTool.csproj", "{B29A02FB-0D40-401C-8005-2B2A6B86AFFA}"
EndProject
Project("{FAE04EC0-301F-11D3-BF4B-00C04F79EFBC}") = "Generator", "..\source\Generator\Generator.csproj", "{5D8AEAC7-0092-42A4-B06A-E72B11DEE263}"
EndProject
Project("{FAE04EC0-301F-11D3-BF4B-00C04F79EFBC}") = "gen", "..\source\gen\gen.csproj", "{22F89EAC-7C66-45CF-A55E-6D98853C5E8E}"
EndProject
Project("{FAE04EC0-301F-11D3-BF4B-00C04F79EFBC}") = "csgen", "..\source\csgen\csgen.csproj", "{4CC7DDC4-BD64-4F1A-8A28-1203E42FE69C}"
EndProject
Global
	GlobalSection(SolutionConfigurationPlatforms) = preSolution
		Debug|Any CPU = Debug|Any CPU
		Release|Any CPU = Release|Any CPU
	EndGlobalSection
	GlobalSection(ProjectConfigurationPlatforms) = postSolution
		{BBAA461E-C30E-460B-BA30-0F6A8FDF7B78}.Debug|Any CPU.ActiveCfg = Debug|Any CPU
		{BBAA461E-C30E-460B-BA30-0F6A8FDF7B78}.Debug|Any CPU.Build.0 = Debug|Any CPU
		{BBAA461E-C30E-460B-BA30-0F6A8FDF7B78}.Release|Any CPU.ActiveCfg = Release|Any CPU
		{BBAA461E-C30E-460B-BA30-0F6A8FDF7B78}.Release|Any CPU.Build.0 = Release|Any CPU
		{AAF48B33-3DF6-4D51-8366-0F768D67AE44}.Debug|Any CPU.ActiveCfg = Debug|Any CPU
		{AAF48B33-3DF6-4D51-8366-0F768D67AE44}.Debug|Any CPU.Build.0 = Debug|Any CPU
		{AAF48B33-3DF6-4D51-8366-0F768D67AE44}.Release|Any CPU.ActiveCfg = Release|Any CPU
		{AAF48B33-3DF6-4D51-8366-0F768D67AE44}.Release|Any CPU.Build.0 = Release|Any CPU
		{11CCEC81-7B26-442D-A937-79B33DD89E8B}.Debug|Any CPU.ActiveCfg = Debug|Any CPU
		{11CCEC81-7B26-442D-A937-79B33DD89E8B}.Debug|Any CPU.Build.0 = Debug|Any CPU
		{11CCEC81-7B26-442D-A937-79B33DD89E8B}.Release|Any CPU.ActiveCfg = Release|Any CPU
		{11CCEC81-7B26-442D-A937-79B33DD89E8B}.Release|Any CPU.Build.0 = Release|Any CPU
		{36A13D56-FD3A-4AF3-B608-9C84FAACC41F}.Debug|Any CPU.ActiveCfg = Debug|Any CPU
		{36A13D56-FD3A-4AF3-B608-9C84FAACC41F}.Debug|Any CPU.Build.0 = Debug|Any CPU
		{36A13D56-FD3A-4AF3-B608-9C84FAACC41F}.Release|Any CPU.ActiveCfg = Release|Any CPU
		{36A13D56-FD3A-4AF3-B608-9C84FAACC41F}.Release|Any CPU.Build.0 = Release|Any CPU
		{EAF5372F-5EC7-4C8C-940A-CC9B9E789C48}.Debug|Any CPU.ActiveCfg = Debug|Any CPU
		{EAF5372F-5EC7-4C8C-940A-CC9B9E789C48}.Debug|Any CPU.Build.0 = Debug|Any CPU
		{EAF5372F-5EC7-4C8C-940A-CC9B9E789C48}.Release|Any CPU.ActiveCfg = Release|Any CPU
		{EAF5372F-5EC7-4C8C-940A-CC9B9E789C48}.Release|Any CPU.Build.0 = Release|Any CPU
		{85AB9D2D-26E2-4536-B01C-8BA24E1F4615}.Debug|Any CPU.ActiveCfg = Debug|Any CPU
		{85AB9D2D-26E2-4536-B01C-8BA24E1F4615}.Debug|Any CPU.Build.0 = Debug|Any CPU
		{85AB9D2D-26E2-4536-B01C-8BA24E1F4615}.Release|Any CPU.ActiveCfg = Release|Any CPU
		{85AB9D2D-26E2-4536-B01C-8BA24E1F4615}.Release|Any CPU.Build.0 = Release|Any CPU
		{4C92FCF4-3561-499F-BC5B-F2F089863047}.Debug|Any CPU.ActiveCfg = Debug|Any CPU
		{4C92FCF4-3561-499F-BC5B-F2F089863047}.Debug|Any CPU.Build.0 = Debug|Any CPU
		{4C92FCF4-3561-499F-BC5B-F2F089863047}.Release|Any CPU.ActiveCfg = Release|Any CPU
		{4C92FCF4-3561-499F-BC5B-F2F089863047}.Release|Any CPU.Build.0 = Release|Any CPU
		{DB81988F-E0F2-45A0-A1FD-8C37F3D35244}.Debug|Any CPU.ActiveCfg = Debug|Any CPU
		{DB81988F-E0F2-45A0-A1FD-8C37F3D35244}.Debug|Any CPU.Build.0 = Debug|Any CPU
		{DB81988F-E0F2-45A0-A1FD-8C37F3D35244}.Release|Any CPU.ActiveCfg = Release|Any CPU
		{DB81988F-E0F2-45A0-A1FD-8C37F3D35244}.Release|Any CPU.Build.0 = Release|Any CPU
		{87E61430-4243-45F2-B74E-0A4C096CEBF3}.Debug|Any CPU.ActiveCfg = Debug|Any CPU
		{87E61430-4243-45F2-B74E-0A4C096CEBF3}.Debug|Any CPU.Build.0 = Debug|Any CPU
		{87E61430-4243-45F2-B74E-0A4C096CEBF3}.Release|Any CPU.ActiveCfg = Release|Any CPU
		{87E61430-4243-45F2-B74E-0A4C096CEBF3}.Release|Any CPU.Build.0 = Release|Any CPU
		{3836F4A8-4B35-4F5E-BB0F-DAD374297525}.Debug|Any CPU.ActiveCfg = Debug|Any CPU
		{3836F4A8-4B35-4F5E-BB0F-DAD374297525}.Debug|Any CPU.Build.0 = Debug|Any CPU
		{3836F4A8-4B35-4F5E-BB0F-DAD374297525}.Release|Any CPU.ActiveCfg = Release|Any CPU
		{3836F4A8-4B35-4F5E-BB0F-DAD374297525}.Release|Any CPU.Build.0 = Release|Any CPU
		{FF8C58DF-784E-4818-A92C-150B8BD6B85E}.Debug|Any CPU.ActiveCfg = Debug|Any CPU
		{FF8C58DF-784E-4818-A92C-150B8BD6B85E}.Debug|Any CPU.Build.0 = Debug|Any CPU
		{FF8C58DF-784E-4818-A92C-150B8BD6B85E}.Release|Any CPU.ActiveCfg = Release|Any CPU
		{FF8C58DF-784E-4818-A92C-150B8BD6B85E}.Release|Any CPU.Build.0 = Release|Any CPU
		{B29A02FB-0D40-401C-8005-2B2A6B86AFFA}.Debug|Any CPU.ActiveCfg = Debug|Any CPU
		{B29A02FB-0D40-401C-8005-2B2A6B86AFFA}.Debug|Any CPU.Build.0 = Debug|Any CPU
		{B29A02FB-0D40-401C-8005-2B2A6B86AFFA}.Release|Any CPU.ActiveCfg = Release|Any CPU
		{B29A02FB-0D40-401C-8005-2B2A6B86AFFA}.Release|Any CPU.Build.0 = Release|Any CPU
		{5D8AEAC7-0092-42A4-B06A-E72B11DEE263}.Debug|Any CPU.ActiveCfg = Debug|Any CPU
		{5D8AEAC7-0092-42A4-B06A-E72B11DEE263}.Debug|Any CPU.Build.0 = Debug|Any CPU
		{5D8AEAC7-0092-42A4-B06A-E72B11DEE263}.Release|Any CPU.ActiveCfg = Release|Any CPU
		{5D8AEAC7-0092-42A4-B06A-E72B11DEE263}.Release|Any CPU.Build.0 = Release|Any CPU
		{22F89EAC-7C66-45CF-A55E-6D98853C5E8E}.Debug|Any CPU.ActiveCfg = Debug|Any CPU
		{22F89EAC-7C66-45CF-A55E-6D98853C5E8E}.Debug|Any CPU.Build.0 = Debug|Any CPU
		{22F89EAC-7C66-45CF-A55E-6D98853C5E8E}.Release|Any CPU.ActiveCfg = Release|Any CPU
		{22F89EAC-7C66-45CF-A55E-6D98853C5E8E}.Release|Any CPU.Build.0 = Release|Any CPU
		{4CC7DDC4-BD64-4F1A-8A28-1203E42FE69C}.Debug|Any CPU.ActiveCfg = Debug|Any CPU
		{4CC7DDC4-BD64-4F1A-8A28-1203E42FE69C}.Debug|Any CPU.Build.0 = Debug|Any CPU
		{4CC7DDC4-BD64-4F1A-8A28-1203E42FE69C}.Release|Any CPU.ActiveCfg = Release|Any CPU
		{4CC7DDC4-BD64-4F1A-8A28-1203E42FE69C}.Release|Any CPU.Build.0 = Release|Any CPU
	EndGlobalSection
	GlobalSection(SolutionProperties) = preSolution
		HideSolutionNode = FALSE
	EndGlobalSection
	GlobalSection(NestedProjects) = preSolution
		{BBAA461E-C30E-460B-BA30-0F6A8FDF7B78} = {FA2E76ED-477D-4F45-A1AE-49FA9251AE7F}
		{AAF48B33-3DF6-4D51-8366-0F768D67AE44} = {FA2E76ED-477D-4F45-A1AE-49FA9251AE7F}
		{11CCEC81-7B26-442D-A937-79B33DD89E8B} = {FA2E76ED-477D-4F45-A1AE-49FA9251AE7F}
		{36A13D56-FD3A-4AF3-B608-9C84FAACC41F} = {FA2E76ED-477D-4F45-A1AE-49FA9251AE7F}
		{EAF5372F-5EC7-4C8C-940A-CC9B9E789C48} = {FA2E76ED-477D-4F45-A1AE-49FA9251AE7F}
		{85AB9D2D-26E2-4536-B01C-8BA24E1F4615} = {FA2E76ED-477D-4F45-A1AE-49FA9251AE7F}
		{4C92FCF4-3561-499F-BC5B-F2F089863047} = {36F62B00-0EAD-4FEF-978C-48554F8BB703}
		{A4325A5E-6F16-40AA-B588-C634CC03F2AC} = {36F62B00-0EAD-4FEF-978C-48554F8BB703}
		{DB81988F-E0F2-45A0-A1FD-8C37F3D35244} = {A4325A5E-6F16-40AA-B588-C634CC03F2AC}
		{B420F5D0-9199-4F28-A469-705B75AC324C} = {36F62B00-0EAD-4FEF-978C-48554F8BB703}
		{87E61430-4243-45F2-B74E-0A4C096CEBF3} = {B420F5D0-9199-4F28-A469-705B75AC324C}
		{3836F4A8-4B35-4F5E-BB0F-DAD374297525} = {B420F5D0-9199-4F28-A469-705B75AC324C}
	EndGlobalSection
EndGlobal
